
Microsoft Visual Studio Solution File, Format Version 12.00
# Visual Studio Version 17
VisualStudioVersion = 17.5.002.0
MinimumVisualStudioVersion = 10.0.40219.1
Project("{9A19103F-16F7-4668-BE54-9A1E7A4F7556}") = "HotelListingAPI", "HotelListingAPI.csproj", "{787F31EC-BC68-4523-84FE-1CFE60F42472}"
EndProject
Global
	GlobalSection(SolutionConfigurationPlatforms) = preSolution
		Debug|Any CPU = Debug|Any CPU
		Release|Any CPU = Release|Any CPU
	EndGlobalSection
	GlobalSection(ProjectConfigurationPlatforms) = postSolution
		{787F31EC-BC68-4523-84FE-1CFE60F42472}.Debug|Any CPU.ActiveCfg = Debug|Any CPU
		{787F31EC-BC68-4523-84FE-1CFE60F42472}.Debug|Any CPU.Build.0 = Debug|Any CPU
		{787F31EC-BC68-4523-84FE-1CFE60F42472}.Release|Any CPU.ActiveCfg = Release|Any CPU
		{787F31EC-BC68-4523-84FE-1CFE60F42472}.Release|Any CPU.Build.0 = Release|Any CPU
	EndGlobalSection
	GlobalSection(SolutionProperties) = preSolution
		HideSolutionNode = FALSE
	EndGlobalSection
	GlobalSection(ExtensibilityGlobals) = postSolution
		SolutionGuid = {D671682C-0024-4580-B2AB-6871CEBA46BF}
	EndGlobalSection
EndGlobal
